<?xml version="1.0" encoding="utf-8"?>
<Project ToolsVersion="4.0" xmlns="http://schemas.microsoft.com/developer/msbuild/2003">
  <ItemGroup>
    <Filter Include="Source Files">
      <UniqueIdentifier>{4FC737F1-C7A5-4376-A066-2A32D752A2FF}</UniqueIdentifier>
      <Extensions>cpp;c;cc;cxx;c++;cppm;ixx;def;odl;idl;hpj;bat;asm;asmx</Extensions>
    </Filter>
    <Filter Include="Header Files">
      <UniqueIdentifier>{93995380-89BD-4b04-88EB-625FBE52EBFB}</UniqueIdentifier>
      <Extensions>h;hh;hpp;hxx;h++;hm;inl;inc;ipp;xsd</Extensions>
    </Filter>
    <Filter Include="Resource Files">
      <UniqueIdentifier>{67DA6AB6-F800-4c08-8B7A-83BB121AAD01}</UniqueIdentifier>
      <Extensions>rc;ico;cur;bmp;dlg;rc2;rct;bin;rgs;gif;jpg;jpeg;jpe;resx;tiff;tif;png;wav;mfcribbon-ms</Extensions>
    </Filter>
    <Filter Include="Shader">
      <UniqueIdentifier>{dfc8abc4-4260-4a4d-82db-9afca2c020c4}</UniqueIdentifier>
    </Filter>
    <Filter Include="External Libs">
      <UniqueIdentifier>{5e016212-8339-4325-9abe-2835d8c12da2}</UniqueIdentifier>
    </Filter>
  </ItemGroup>
  <ItemGroup>
    <ClInclude Include="shaders\DefaultPixelShader.h">
      <Filter>Shader</Filter>
    </ClInclude>
    <ClInclude Include="shaders\DeutanPixelShader.h">
      <Filter>Shader</Filter>
    </ClInclude>
    <ClInclude Include="shaders\GreyscalePixelShader.h">
      <Filter>Shader</Filter>
    </ClInclude>
    <ClInclude Include="shaders\ProtanPixelShader.h">
      <Filter>Shader</Filter>
    </ClInclude>
    <ClInclude Include="shaders\TritanPixelShader.h">
      <Filter>Shader</Filter>
    </ClInclude>
    <ClInclude Include="headers\App.h">
      <Filter>Header Files</Filter>
    </ClInclude>
    <ClInclude Include="headers\capture.interop.h">
      <Filter>Header Files</Filter>
    </ClInclude>
    <ClInclude Include="headers\composition.interop.h">
      <Filter>Header Files</Filter>
    </ClInclude>
    <ClInclude Include="headers\d3dHelpers.h">
      <Filter>Header Files</Filter>
    </ClInclude>
    <ClInclude Include="headers\direct3d11.interop.h">
      <Filter>Header Files</Filter>
    </ClInclude>
    <ClInclude Include="headers\Helper.h">
      <Filter>Header Files</Filter>
    </ClInclude>
    <ClInclude Include="headers\HotKey.h">
      <Filter>Header Files</Filter>
    </ClInclude>
    <ClInclude Include="headers\HotKeyManager.h">
      <Filter>Header Files</Filter>
    </ClInclude>
    <ClInclude Include="headers\IniParser.h">
      <Filter>Header Files</Filter>
    </ClInclude>
    <ClInclude Include="headers\InputHelper.h">
      <Filter>Header Files</Filter>
    </ClInclude>
    <ClInclude Include="headers\pch.h">
      <Filter>Header Files</Filter>
    </ClInclude>
    <ClInclude Include="headers\Resource.h">
      <Filter>Header Files</Filter>
    </ClInclude>
    <ClInclude Include="headers\SimpleCapture.h">
      <Filter>Header Files</Filter>
    </ClInclude>
    <ClInclude Include="headers\Win32WindowEnumeration.h">
      <Filter>Header Files</Filter>
    </ClInclude>
  </ItemGroup>
  <ItemGroup>
    <ClCompile Include="source\App.cpp">
      <Filter>Source Files</Filter>
    </ClCompile>
    <ClCompile Include="source\HotKey.cpp">
      <Filter>Source Files</Filter>
    </ClCompile>
    <ClCompile Include="source\HotKeyManager.cpp">
      <Filter>Source Files</Filter>
    </ClCompile>
    <ClCompile Include="source\IniParser.cpp">
      <Filter>Source Files</Filter>
    </ClCompile>
    <ClCompile Include="source\InputHelper.cpp">
      <Filter>Source Files</Filter>
    </ClCompile>
    <ClCompile Include="source\pch.cpp">
      <Filter>Source Files</Filter>
    </ClCompile>
    <ClCompile Include="source\SimpleCapture.cpp">
      <Filter>Source Files</Filter>
    </ClCompile>
    <ClCompile Include="source\UbiChroma.cpp">
      <Filter>Source Files</Filter>
    </ClCompile>
  </ItemGroup>
  <ItemGroup>
    <ResourceCompile Include="UbiChroma.rc">
      <Filter>Resource Files</Filter>
    </ResourceCompile>
  </ItemGroup>
  <ItemGroup>
    <Image Include="resource\banner.bmp">
      <Filter>Resource Files</Filter>
    </Image>
    <Image Include="resource\UbiChroma.ico">
      <Filter>Resource Files</Filter>
    </Image>
  </ItemGroup>
  <ItemGroup>
    <CopyFileToFolders Include="Extlibs\ManagedWrapper.lib">
      <Filter>External Libs</Filter>
    </CopyFileToFolders>
  </ItemGroup>
  <ItemGroup>
    <Content Include="resource\Userguide.pdf">
      <Filter>Resource Files</Filter>
    </Content>
  </ItemGroup>
</Project>