
Microsoft Visual Studio Solution File, Format Version 12.00
# Visual Studio Version 16
VisualStudioVersion = 16.0.32602.291
MinimumVisualStudioVersion = 10.0.40219.1
Project("{8BC9CEB8-8B4A-11D0-8D11-00A0C91BC942}") = "UbiChroma", "UbiChroma.vcxproj", "{E64792CC-6DEF-4D88-BFFC-98C7C0EC79CA}"
EndProject
Global
	GlobalSection(SolutionConfigurationPlatforms) = preSolution
		Debug|x64 = Debug|x64
		Release|x64 = Release|x64
	EndGlobalSection
	GlobalSection(ProjectConfigurationPlatforms) = postSolution
		{E64792CC-6DEF-4D88-BFFC-98C7C0EC79CA}.Debug|x64.ActiveCfg = Debug|x64
		{E64792CC-6DEF-4D88-BFFC-98C7C0EC79CA}.Debug|x64.Build.0 = Debug|x64
		{E64792CC-6DEF-4D88-BFFC-98C7C0EC79CA}.Release|x64.ActiveCfg = Release|x64
		{E64792CC-6DEF-4D88-BFFC-98C7C0EC79CA}.Release|x64.Build.0 = Release|x64
	EndGlobalSection
	GlobalSection(SolutionProperties) = preSolution
		HideSolutionNode = FALSE
	EndGlobalSection
	GlobalSection(ExtensibilityGlobals) = postSolution
		SolutionGuid = {DB2A0900-3412-4FA7-A64C-58FAC8720410}
	EndGlobalSection
EndGlobal
